// !$*UTF8*$!
{
	archiveVersion = 1;
	classes = {
	};
	objectVersion = 46;
	objects = {

/* Begin PBXBuildFile section */
		5725C3441B7A377B00DA02A8 /* main.m in Sources */ = {isa = PBXBuildFile; fileRef = 5725C3431B7A377B00DA02A8 /* main.m */; };
		5725C3471B7A377B00DA02A8 /* AppDelegate.m in Sources */ = {isa = PBXBuildFile; fileRef = 5725C3461B7A377B00DA02A8 /* AppDelegate.m */; };
		5725C34A1B7A377B00DA02A8 /* ViewController.m in Sources */ = {isa = PBXBuildFile; fileRef = 5725C3491B7A377B00DA02A8 /* ViewController.m */; };
		5725C34D1B7A377B00DA02A8 /* Main.storyboard in Resources */ = {isa = PBXBuildFile; fileRef = 5725C34B1B7A377B00DA02A8 /* Main.storyboard */; };
		5725C34F1B7A377B00DA02A8 /* Images.xcassets in Resources */ = {isa = PBXBuildFile; fileRef = 5725C34E1B7A377B00DA02A8 /* Images.xcassets */; };
		5725C3521B7A377B00DA02A8 /* LaunchScreen.xib in Resources */ = {isa = PBXBuildFile; fileRef = 5725C3501B7A377B00DA02A8 /* LaunchScreen.xib */; };
		5725C35E1B7A377B00DA02A8 /* BottomViewDemoTests.m in Sources */ = {isa = PBXBuildFile; fileRef = 5725C35D1B7A377B00DA02A8 /* BottomViewDemoTests.m */; };
		57DC92BA1B7B7CA60006CDC2 /* liantu.png in Resources */ = {isa = PBXBuildFile; fileRef = 57DC92B91B7B7CA60006CDC2 /* liantu.png */; };
/* End PBXBuildFile section */

/* Begin PBXContainerItemProxy section */
		5725C3581B7A377B00DA02A8 /* PBXContainerItemProxy */ = {
			isa = PBXContainerItemProxy;
			containerPortal = 5725C3361B7A377B00DA02A8 /* Project object */;
			proxyType = 1;
			remoteGlobalIDString = 5725C33D1B7A377B00DA02A8;
			remoteInfo = BottomViewDemo;
		};
/* End PBXContainerItemProxy section */

/* Begin PBXFileReference section */
		5725C33E1B7A377B00DA02A8 /* BottomViewDemo.app */ = {isa = PBXFileReference; explicitFileType = wrapper.application; includeInIndex = 0; path = BottomViewDemo.app; sourceTree = BUILT_PRODUCTS_DIR; };
		5725C3421B7A377B00DA02A8 /* Info.plist */ = {isa = PBXFileReference; lastKnownFileType = text.plist.xml; path = Info.plist; sourceTree = "<group>"; };
		5725C3431B7A377B00DA02A8 /* main.m */ = {isa = PBXFileReference; lastKnownFileType = sourcecode.c.objc; path = main.m; sourceTree = "<group>"; };
		5725C3451B7A377B00DA02A8 /* AppDelegate.h */ = {isa = PBXFileReference; lastKnownFileType = sourcecode.c.h; path = AppDelegate.h; sourceTree = "<group>"; };
		5725C3461B7A377B00DA02A8 /* AppDelegate.m */ = {isa = PBXFileReference; lastKnownFileType = sourcecode.c.objc; path = AppDelegate.m; sourceTree = "<group>"; };
		5725C3481B7A377B00DA02A8 /* ViewController.h */ = {isa = PBXFileReference; lastKnownFileType = sourcecode.c.h; path = ViewController.h; sourceTree = "<group>"; };
		5725C3491B7A377B00DA02A8 /* ViewController.m */ = {isa = PBXFileReference; lastKnownFileType = sourcecode.c.objc; path = ViewController.m; sourceTree = "<group>"; };
		5725C34C1B7A377B00DA02A8 /* Base */ = {isa = PBXFileReference; lastKnownFileType = file.storyboard; name = Base; path = Base.lproj/Main.storyboard; sourceTree = "<group>"; };
		5725C34E1B7A377B00DA02A8 /* Images.xcassets */ = {isa = PBXFileReference; lastKnownFileType = folder.assetcatalog; path = Images.xcassets; sourceTree = "<group>"; };
		5725C3511B7A377B00DA02A8 /* Base */ = {isa = PBXFileReference; lastKnownFileType = file.xib; name = Base; path = Base.lproj/LaunchScreen.xib; sourceTree = "<group>"; };
		5725C3571B7A377B00DA02A8 /* BottomViewDemoTests.xctest */ = {isa = PBXFileReference; explicitFileType = wrapper.cfbundle; includeInIndex = 0; path = BottomViewDemoTests.xctest; sourceTree = BUILT_PRODUCTS_DIR; };
		5725C35C1B7A377B00DA02A8 /* Info.plist */ = {isa = PBXFileReference; lastKnownFileType = text.plist.xml; path = Info.plist; sourceTree = "<group>"; };
		5725C35D1B7A377B00DA02A8 /* BottomViewDemoTests.m */ = {isa = PBXFileReference; lastKnownFileType = sourcecode.c.objc; path = BottomViewDemoTests.m; sourceTree = "<group>"; };
		57DC92B91B7B7CA60006CDC2 /* liantu.png */ = {isa = PBXFileReference; lastKnownFileType = image.png; path = liantu.png; sourceTree = "<group>"; };
/* End PBXFileReference section */

/* Begin PBXFrameworksBuildPhase section */
		5725C33B1B7A377B00DA02A8 /* Frameworks */ = {
			isa = PBXFrameworksBuildPhase;
			buildActionMask = 2147483647;
			files = (
			);
			runOnlyForDeploymentPostprocessing = 0;
		};
		5725C3541B7A377B00DA02A8 /* Frameworks */ = {
			isa = PBXFrameworksBuildPhase;
			buildActionMask = 2147483647;
			files = (
			);
			runOnlyForDeploymentPostprocessing = 0;
		};
/* End PBXFrameworksBuildPhase section */

/* Begin PBXGroup section */
		5725C3351B7A377B00DA02A8 = {
			isa = PBXGroup;
			children = (
				5725C3401B7A377B00DA02A8 /* BottomViewDemo */,
				5725C35A1B7A377B00DA02A8 /* BottomViewDemoTests */,
				5725C33F1B7A377B00DA02A8 /* Products */,
			);
			sourceTree = "<group>";
		};
		5725C33F1B7A377B00DA02A8 /* Products */ = {
			isa = PBXGroup;
			children = (
				5725C33E1B7A377B00DA02A8 /* BottomViewDemo.app */,
				5725C3571B7A377B00DA02A8 /* BottomViewDemoTests.xctest */,
			);
			name = Products;
			sourceTree = "<group>";
		};
		5725C3401B7A377B00DA02A8 /* BottomViewDemo */ = {
			isa = PBXGroup;
			children = (
				57DC92B91B7B7CA60006CDC2 /* liantu.png */,
				5725C3451B7A377B00DA02A8 /* AppDelegate.h */,
				5725C3461B7A377B00DA02A8 /* AppDelegate.m */,
				5725C3481B7A377B00DA02A8 /* ViewController.h */,
				5725C3491B7A377B00DA02A8 /* ViewController.m */,
				5725C34B1B7A377B00DA02A8 /* Main.storyboard */,
				5725C34E1B7A377B00DA02A8 /* Images.xcassets */,
				5725C3501B7A377B00DA02A8 /* LaunchScreen.xib */,
				5725C3411B7A377B00DA02A8 /* Supporting Files */,
			);
			path = BottomViewDemo;
			sourceTree = "<group>";
		};
		5725C3411B7A377B00DA02A8 /* Supporting Files */ = {
			isa = PBXGroup;
			children = (
				5725C3421B7A377B00DA02A8 /* Info.plist */,
				5725C3431B7A377B00DA02A8 /* main.m */,
			);
			name = "Supporting Files";
			sourceTree = "<group>";
		};
		5725C35A1B7A377B00DA02A8 /* BottomViewDemoTests */ = {
			isa = PBXGroup;
			children = (
				5725C35D1B7A377B00DA02A8 /* BottomViewDemoTests.m */,
				5725C35B1B7A377B00DA02A8 /* Supporting Files */,
			);
			path = BottomViewDemoTests;
			sourceTree = "<group>";
		};
		5725C35B1B7A377B00DA02A8 /* Supporting Files */ = {
			isa = PBXGroup;
			children = (
				5725C35C1B7A377B00DA02A8 /* Info.plist */,
			);
			name = "Supporting Files";
			sourceTree = "<group>";
		};
/* End PBXGroup section */

/* Begin PBXNativeTarget section */
		5725C33D1B7A377B00DA02A8 /* BottomViewDemo */ = {
			isa = PBXNativeTarget;
			buildConfigurationList = 5725C3611B7A377B00DA02A8 /* Build configuration list for PBXNativeTarget "BottomViewDemo" */;
			buildPhases = (
				5725C33A1B7A377B00DA02A8 /* Sources */,
				5725C33B1B7A377B00DA02A8 /* Frameworks */,
				5725C33C1B7A377B00DA02A8 /* Resources */,
			);
			buildRules = (
			);
			dependencies = (
			);
			name = BottomViewDemo;
			productName = BottomViewDemo;
			productReference = 5725C33E1B7A377B00DA02A8 /* BottomViewDemo.app */;
			productType = "com.apple.product-type.application";
		};
		5725C3561B7A377B00DA02A8 /* BottomViewDemoTests */ = {
			isa = PBXNativeTarget;
			buildConfigurationList = 5725C3641B7A377B00DA02A8 /* Build configuration list for PBXNativeTarget "BottomViewDemoTests" */;
			buildPhases = (
				5725C3531B7A377B00DA02A8 /* Sources */,
				5725C3541B7A377B00DA02A8 /* Frameworks */,
				5725C3551B7A377B00DA02A8 /* Resources */,
			);
			buildRules = (
			);
			dependencies = (
				5725C3591B7A377B00DA02A8 /* PBXTargetDependency */,
			);
			name = BottomViewDemoTests;
			productName = BottomViewDemoTests;
			productReference = 5725C3571B7A377B00DA02A8 /* BottomViewDemoTests.xctest */;
			productType = "com.apple.product-type.bundle.unit-test";
		};
/* End PBXNativeTarget section */

/* Begin PBXProject section */
		5725C3361B7A377B00DA02A8 /* Project object */ = {
			isa = PBXProject;
			attributes = {
				LastUpgradeCheck = 0640;
				ORGANIZATIONNAME = river;
				TargetAttributes = {
					5725C33D1B7A377B00DA02A8 = {
						CreatedOnToolsVersion = 6.4;
					};
					5725C3561B7A377B00DA02A8 = {
						CreatedOnToolsVersion = 6.4;
						TestTargetID = 5725C33D1B7A377B00DA02A8;
					};
				};
			};
			buildConfigurationList = 5725C3391B7A377B00DA02A8 /* Build configuration list for PBXProject "BottomViewDemo" */;
			compatibilityVersion = "Xcode 3.2";
			developmentRegion = English;
			hasScannedForEncodings = 0;
			knownRegions = (
				en,
				Base,
			);
			mainGroup = 5725C3351B7A377B00DA02A8;
			productRefGroup = 5725C33F1B7A377B00DA02A8 /* Products */;
			projectDirPath = "";
			projectRoot = "";
			targets = (
				5725C33D1B7A377B00DA02A8 /* BottomViewDemo */,
				5725C3561B7A377B00DA02A8 /* BottomViewDemoTests */,
			);
		};
/* End PBXProject section */

/* Begin PBXResourcesBuildPhase section */
		5725C33C1B7A377B00DA02A8 /* Resources */ = {
			isa = PBXResourcesBuildPhase;
			buildActionMask = 2147483647;
			files = (
				5725C34D1B7A377B00DA02A8 /* Main.storyboard in Resources */,
				5725C3521B7A377B00DA02A8 /* LaunchScreen.xib in Resources */,
				57DC92BA1B7B7CA60006CDC2 /* liantu.png in Resources */,
				5725C34F1B7A377B00DA02A8 /* Images.xcassets in Resources */,
			);
			runOnlyForDeploymentPostprocessing = 0;
		};
		5725C3551B7A377B00DA02A8 /* Resources */ = {
			isa = PBXResourcesBuildPhase;
			buildActionMask = 2147483647;
			files = (
			);
			runOnlyForDeploymentPostprocessing = 0;
		};
/* End PBXResourcesBuildPhase section */

/* Begin PBXSourcesBuildPhase section */
		5725C33A1B7A377B00DA02A8 /* Sources */ = {
			isa = PBXSourcesBuildPhase;
			buildActionMask = 2147483647;
			files = (
				5725C34A1B7A377B00DA02A8 /* ViewController.m in Sources */,
				5725C3471B7A377B00DA02A8 /* AppDelegate.m in Sources */,
				5725C3441B7A377B00DA02A8 /* main.m in Sources */,
			);
			runOnlyForDeploymentPostprocessing = 0;
		};
		5725C3531B7A377B00DA02A8 /* Sources */ = {
			isa = PBXSourcesBuildPhase;
			buildActionMask = 2147483647;
			files = (
				5725C35E1B7A377B00DA02A8 /* BottomViewDemoTests.m in Sources */,
			);
			runOnlyForDeploymentPostprocessing = 0;
		};
/* End PBXSourcesBuildPhase section */

/* Begin PBXTargetDependency section */
		5725C3591B7A377B00DA02A8 /* PBXTargetDependency */ = {
			isa = PBXTargetDependency;
			target = 5725C33D1B7A377B00DA02A8 /* BottomViewDemo */;
			targetProxy = 5725C3581B7A377B00DA02A8 /* PBXContainerItemProxy */;
		};
/* End PBXTargetDependency section */

/* Begin PBXVariantGroup section */
		5725C34B1B7A377B00DA02A8 /* Main.storyboard */ = {
			isa = PBXVariantGroup;
			children = (
				5725C34C1B7A377B00DA02A8 /* Base */,
			);
			name = Main.storyboard;
			sourceTree = "<group>";
		};
		5725C3501B7A377B00DA02A8 /* LaunchScreen.xib */ = {
			isa = PBXVariantGroup;
			children = (
				5725C3511B7A377B00DA02A8 /* Base */,
			);
			name = LaunchScreen.xib;
			sourceTree = "<group>";
		};
/* End PBXVariantGroup section */

/* Begin XCBuildConfiguration section */
		5725C35F1B7A377B00DA02A8 /* Debug */ = {
			isa = XCBuildConfiguration;
			buildSettings = {
				ALWAYS_SEARCH_USER_PATHS = NO;
				CLANG_CXX_LANGUAGE_STANDARD = "gnu++0x";
				CLANG_CXX_LIBRARY = "libc++";
				CLANG_ENABLE_MODULES = YES;
				CLANG_ENABLE_OBJC_ARC = YES;
				CLANG_WARN_BOOL_CONVERSION = YES;
				CLANG_WARN_CONSTANT_CONVERSION = YES;
				CLANG_WARN_DIRECT_OBJC_ISA_USAGE = YES_ERROR;
				CLANG_WARN_EMPTY_BODY = YES;
				CLANG_WARN_ENUM_CONVERSION = YES;
				CLANG_WARN_INT_CONVERSION = YES;
				CLANG_WARN_OBJC_ROOT_CLASS = YES_ERROR;
				CLANG_WARN_UNREACHABLE_CODE = YES;
				CLANG_WARN__DUPLICATE_METHOD_MATCH = YES;
				"CODE_SIGN_IDENTITY[sdk=iphoneos*]" = "iPhone Developer";
				COPY_PHASE_STRIP = NO;
				DEBUG_INFORMATION_FORMAT = "dwarf-with-dsym";
				ENABLE_STRICT_OBJC_MSGSEND = YES;
				GCC_C_LANGUAGE_STANDARD = gnu99;
				GCC_DYNAMIC_NO_PIC = NO;
				GCC_NO_COMMON_BLOCKS = YES;
				GCC_OPTIMIZATION_LEVEL = 0;
				GCC_PREPROCESSOR_DEFINITIONS = (
					"DEBUG=1",
					"$(inherited)",
				);
				GCC_SYMBOLS_PRIVATE_EXTERN = NO;
				GCC_WARN_64_TO_32_BIT_CONVERSION = YES;
				GCC_WARN_ABOUT_RETURN_TYPE = YES_ERROR;
				GCC_WARN_UNDECLARED_SELECTOR = YES;
				GCC_WARN_UNINITIALIZED_AUTOS = YES_AGGRESSIVE;
				GCC_WARN_UNUSED_FUNCTION = YES;
				GCC_WARN_UNUSED_VARIABLE = YES;
				IPHONEOS_DEPLOYMENT_TARGET = 8.4;
				MTL_ENABLE_DEBUG_INFO = YES;
				ONLY_ACTIVE_ARCH = YES;
				SDKROOT = iphoneos;
			};
			name = Debug;
		};
		5725C3601B7A377B00DA02A8 /* Release */ = {
			isa = XCBuildConfiguration;
			buildSettings = {
				ALWAYS_SEARCH_USER_PATHS = NO;
				CLANG_CXX_LANGUAGE_STANDARD = "gnu++0x";
				CLANG_CXX_LIBRARY = "libc++";
				CLANG_ENABLE_MODULES = YES;
				CLANG_ENABLE_OBJC_ARC = YES;
				CLANG_WARN_BOOL_CONVERSION = YES;
				CLANG_WARN_CONSTANT_CONVERSION = YES;
				CLANG_WARN_DIRECT_OBJC_ISA_USAGE = YES_ERROR;
				CLANG_WARN_EMPTY_BODY = YES;
				CLANG_WARN_ENUM_CONVERSION = YES;
				CLANG_WARN_INT_CONVERSION = YES;
				CLANG_WARN_OBJC_ROOT_CLASS = YES_ERROR;
				CLANG_WARN_UNREACHABLE_CODE = YES;
				CLANG_WARN__DUPLICATE_METHOD_MATCH = YES;
				"CODE_SIGN_IDENTITY[sdk=iphoneos*]" = "iPhone Developer";
				COPY_PHASE_STRIP = NO;
				DEBUG_INFORMATION_FORMAT = "dwarf-with-dsym";
				ENABLE_NS_ASSERTIONS = NO;
				ENABLE_STRICT_OBJC_MSGSEND = YES;
				GCC_C_LANGUAGE_STANDARD = gnu99;
				GCC_NO_COMMON_BLOCKS = YES;
				GCC_WARN_64_TO_32_BIT_CONVERSION = YES;
				GCC_WARN_ABOUT_RETURN_TYPE = YES_ERROR;
				GCC_WARN_UNDECLARED_SELECTOR = YES;
				GCC_WARN_UNINITIALIZED_AUTOS = YES_AGGRESSIVE;
				GCC_WARN_UNUSED_FUNCTION = YES;
				GCC_WARN_UNUSED_VARIABLE = YES;
				IPHONEOS_DEPLOYMENT_TARGET = 8.4;
				MTL_ENABLE_DEBUG_INFO = NO;
				SDKROOT = iphoneos;
				VALIDATE_PRODUCT = YES;
			};
			name = Release;
		};
		5725C3621B7A377B00DA02A8 /* Debug */ = {
			isa = XCBuildConfiguration;
			buildSettings = {
				ASSETCATALOG_COMPILER_APPICON_NAME = AppIcon;
				INFOPLIST_FILE = BottomViewDemo/Info.plist;
				LD_RUNPATH_SEARCH_PATHS = "$(inherited) @executable_path/Frameworks";
				PRODUCT_NAME = "$(TARGET_NAME)";
			};
			name = Debug;
		};
		5725C3631B7A377B00DA02A8 /* Release */ = {
			isa = XCBuildConfiguration;
			buildSettings = {
				ASSETCATALOG_COMPILER_APPICON_NAME = AppIcon;
				INFOPLIST_FILE = BottomViewDemo/Info.plist;
				LD_RUNPATH_SEARCH_PATHS = "$(inherited) @executable_path/Frameworks";
				PRODUCT_NAME = "$(TARGET_NAME)";
			};
			name = Release;
		};
		5725C3651B7A377B00DA02A8 /* Debug */ = {
			isa = XCBuildConfiguration;
			buildSettings = {
				BUNDLE_LOADER = "$(TEST_HOST)";
				FRAMEWORK_SEARCH_PATHS = (
					"$(SDKROOT)/Developer/Library/Frameworks",
					"$(inherited)",
				);
				GCC_PREPROCESSOR_DEFINITIONS = (
					"DEBUG=1",
					"$(inherited)",
				);
				INFOPLIST_FILE = BottomViewDemoTests/Info.plist;
				LD_RUNPATH_SEARCH_PATHS = "$(inherited) @executable_path/Frameworks @loader_path/Frameworks";
				PRODUCT_NAME = "$(TARGET_NAME)";
				TEST_HOST = "$(BUILT_PRODUCTS_DIR)/BottomViewDemo.app/BottomViewDemo";
			};
			name = Debug;
		};
		5725C3661B7A377B00DA02A8 /* Release */ = {
			isa = XCBuildConfiguration;
			buildSettings = {
				BUNDLE_LOADER = "$(TEST_HOST)";
				FRAMEWORK_SEARCH_PATHS = (
					"$(SDKROOT)/Developer/Library/Frameworks",
					"$(inherited)",
				);
				INFOPLIST_FILE = BottomViewDemoTests/Info.plist;
				LD_RUNPATH_SEARCH_PATHS = "$(inherited) @executable_path/Frameworks @loader_path/Frameworks";
				PRODUCT_NAME = "$(TARGET_NAME)";
				TEST_HOST = "$(BUILT_PRODUCTS_DIR)/BottomViewDemo.app/BottomViewDemo";
			};
			name = Release;
		};
/* End XCBuildConfiguration section */

/* Begin XCConfigurationList section */
		5725C3391B7A377B00DA02A8 /* Build configuration list for PBXProject "BottomViewDemo" */ = {
			isa = XCConfigurationList;
			buildConfigurations = (
				5725C35F1B7A377B00DA02A8 /* Debug */,
				5725C3601B7A377B00DA02A8 /* Release */,
			);
			defaultConfigurationIsVisible = 0;
			defaultConfigurationName = Release;
		};
		5725C3611B7A377B00DA02A8 /* Build configuration list for PBXNativeTarget "BottomViewDemo" */ = {
			isa = XCConfigurationList;
			buildConfigurations = (
				5725C3621B7A377B00DA02A8 /* Debug */,
				5725C3631B7A377B00DA02A8 /* Release */,
			);
			defaultConfigurationIsVisible = 0;
			defaultConfigurationName = Release;
		};
		5725C3641B7A377B00DA02A8 /* Build configuration list for PBXNativeTarget "BottomViewDemoTests" */ = {
			isa = XCConfigurationList;
			buildConfigurations = (
				5725C3651B7A377B00DA02A8 /* Debug */,
				5725C3661B7A377B00DA02A8 /* Release */,
			);
			defaultConfigurationIsVisible = 0;
			defaultConfigurationName = Release;
		};
/* End XCConfigurationList section */
	};
	rootObject = 5725C3361B7A377B00DA02A8 /* Project object */;
}
